// !$*UTF8*$!
{
	archiveVersion = 1;
	classes = {
	};
	objectVersion = 55;
	objects = {

/* Begin PBXBuildFile section */
		12C92422664CA8BFD72752AD /* Pods_MVVMBeer.framework in Frameworks */ = {isa = PBXBuildFile; fileRef = 5A21671BC776127BB7860562 /* Pods_MVVMBeer.framework */; };
		6051DA9828919C5A00CAF14F /* AppDelegate.swift in Sources */ = {isa = PBXBuildFile; fileRef = 6051DA9728919C5A00CAF14F /* AppDelegate.swift */; };
		6051DA9A28919C5A00CAF14F /* SceneDelegate.swift in Sources */ = {isa = PBXBuildFile; fileRef = 6051DA9928919C5A00CAF14F /* SceneDelegate.swift */; };
		6051DA9C28919C5A00CAF14F /* ViewController.swift in Sources */ = {isa = PBXBuildFile; fileRef = 6051DA9B28919C5A00CAF14F /* ViewController.swift */; };
		6051DAA128919C5B00CAF14F /* Assets.xcassets in Resources */ = {isa = PBXBuildFile; fileRef = 6051DAA028919C5B00CAF14F /* Assets.xcassets */; };
		60A727DF28919CC100393C23 /* Model.swift in Sources */ = {isa = PBXBuildFile; fileRef = 60A727DE28919CC100393C23 /* Model.swift */; };
		60A727E228919CCE00393C23 /* CustomCell.swift in Sources */ = {isa = PBXBuildFile; fileRef = 60A727E128919CCE00393C23 /* CustomCell.swift */; };
		60A727E428919CD400393C23 /* ViewModel.swift in Sources */ = {isa = PBXBuildFile; fileRef = 60A727E328919CD400393C23 /* ViewModel.swift */; };
		60A727E628919CD800393C23 /* Network.swift in Sources */ = {isa = PBXBuildFile; fileRef = 60A727E528919CD800393C23 /* Network.swift */; };
		60A727E928919DC200393C23 /* Dynamic.swift in Sources */ = {isa = PBXBuildFile; fileRef = 60A727E828919DC200393C23 /* Dynamic.swift */; };
		60A727EB28924C6100393C23 /* DetailViewController.swift in Sources */ = {isa = PBXBuildFile; fileRef = 60A727EA28924C6100393C23 /* DetailViewController.swift */; };
		60A727ED28924D6A00393C23 /* DetailViewModel.swift in Sources */ = {isa = PBXBuildFile; fileRef = 60A727EC28924D6A00393C23 /* DetailViewModel.swift */; };
/* End PBXBuildFile section */

/* Begin PBXFileReference section */
		5A21671BC776127BB7860562 /* Pods_MVVMBeer.framework */ = {isa = PBXFileReference; explicitFileType = wrapper.framework; includeInIndex = 0; path = Pods_MVVMBeer.framework; sourceTree = BUILT_PRODUCTS_DIR; };
		6051DA9428919C5A00CAF14F /* MVVMBeer.app */ = {isa = PBXFileReference; explicitFileType = wrapper.application; includeInIndex = 0; path = MVVMBeer.app; sourceTree = BUILT_PRODUCTS_DIR; };
		6051DA9728919C5A00CAF14F /* AppDelegate.swift */ = {isa = PBXFileReference; lastKnownFileType = sourcecode.swift; path = AppDelegate.swift; sourceTree = "<group>"; };
		6051DA9928919C5A00CAF14F /* SceneDelegate.swift */ = {isa = PBXFileReference; lastKnownFileType = sourcecode.swift; path = SceneDelegate.swift; sourceTree = "<group>"; };
		6051DA9B28919C5A00CAF14F /* ViewController.swift */ = {isa = PBXFileReference; lastKnownFileType = sourcecode.swift; path = ViewController.swift; sourceTree = "<group>"; };
		6051DAA028919C5B00CAF14F /* Assets.xcassets */ = {isa = PBXFileReference; lastKnownFileType = folder.assetcatalog; path = Assets.xcassets; sourceTree = "<group>"; };
		6051DAA528919C5B00CAF14F /* Info.plist */ = {isa = PBXFileReference; lastKnownFileType = text.plist.xml; path = Info.plist; sourceTree = "<group>"; };
		60A727DE28919CC100393C23 /* Model.swift */ = {isa = PBXFileReference; lastKnownFileType = sourcecode.swift; path = Model.swift; sourceTree = "<group>"; };
		60A727E128919CCE00393C23 /* CustomCell.swift */ = {isa = PBXFileReference; lastKnownFileType = sourcecode.swift; path = CustomCell.swift; sourceTree = "<group>"; };
		60A727E328919CD400393C23 /* ViewModel.swift */ = {isa = PBXFileReference; lastKnownFileType = sourcecode.swift; path = ViewModel.swift; sourceTree = "<group>"; };
		60A727E528919CD800393C23 /* Network.swift */ = {isa = PBXFileReference; lastKnownFileType = sourcecode.swift; path = Network.swift; sourceTree = "<group>"; };
		60A727E828919DC200393C23 /* Dynamic.swift */ = {isa = PBXFileReference; lastKnownFileType = sourcecode.swift; path = Dynamic.swift; sourceTree = "<group>"; };
		60A727EA28924C6100393C23 /* DetailViewController.swift */ = {isa = PBXFileReference; lastKnownFileType = sourcecode.swift; path = DetailViewController.swift; sourceTree = "<group>"; };
		60A727EC28924D6A00393C23 /* DetailViewModel.swift */ = {isa = PBXFileReference; lastKnownFileType = sourcecode.swift; path = DetailViewModel.swift; sourceTree = "<group>"; };
		66F9C99F8396D0DD581EBBCC /* Pods-MVVMBeer.release.xcconfig */ = {isa = PBXFileReference; includeInIndex = 1; lastKnownFileType = text.xcconfig; name = "Pods-MVVMBeer.release.xcconfig"; path = "Target Support Files/Pods-MVVMBeer/Pods-MVVMBeer.release.xcconfig"; sourceTree = "<group>"; };
		6AE8B156C0BE0C06B5850B65 /* Pods-MVVMBeer.debug.xcconfig */ = {isa = PBXFileReference; includeInIndex = 1; lastKnownFileType = text.xcconfig; name = "Pods-MVVMBeer.debug.xcconfig"; path = "Target Support Files/Pods-MVVMBeer/Pods-MVVMBeer.debug.xcconfig"; sourceTree = "<group>"; };
/* End PBXFileReference section */

/* Begin PBXFrameworksBuildPhase section */
		6051DA9128919C5A00CAF14F /* Frameworks */ = {
			isa = PBXFrameworksBuildPhase;
			buildActionMask = 2147483647;
			files = (
				12C92422664CA8BFD72752AD /* Pods_MVVMBeer.framework in Frameworks */,
			);
			runOnlyForDeploymentPostprocessing = 0;
		};
/* End PBXFrameworksBuildPhase section */

/* Begin PBXGroup section */
		6051DA8B28919C5A00CAF14F = {
			isa = PBXGroup;
			children = (
				6051DA9628919C5A00CAF14F /* MVVMBeer */,
				6051DA9528919C5A00CAF14F /* Products */,
				B08415BCB5AC3F5ED4FB38D2 /* Pods */,
				92292CEE3A968C79F66AE151 /* Frameworks */,
			);
			sourceTree = "<group>";
		};
		6051DA9528919C5A00CAF14F /* Products */ = {
			isa = PBXGroup;
			children = (
				6051DA9428919C5A00CAF14F /* MVVMBeer.app */,
			);
			name = Products;
			sourceTree = "<group>";
		};
		6051DA9628919C5A00CAF14F /* MVVMBeer */ = {
			isa = PBXGroup;
			children = (
				60A727E728919DBB00393C23 /* Dynamic */,
				60A727DD28919CB900393C23 /* Network */,
				60A727DC28919CB300393C23 /* ViewModel */,
				60A727DB28919CB000393C23 /* View */,
				60A727DA28919CAD00393C23 /* Model */,
				6051DA9728919C5A00CAF14F /* AppDelegate.swift */,
				6051DA9928919C5A00CAF14F /* SceneDelegate.swift */,
				6051DAA028919C5B00CAF14F /* Assets.xcassets */,
				6051DAA528919C5B00CAF14F /* Info.plist */,
			);
			path = MVVMBeer;
			sourceTree = "<group>";
		};
		60A727DA28919CAD00393C23 /* Model */ = {
			isa = PBXGroup;
			children = (
				60A727DE28919CC100393C23 /* Model.swift */,
			);
			path = Model;
			sourceTree = "<group>";
		};
		60A727DB28919CB000393C23 /* View */ = {
			isa = PBXGroup;
			children = (
				60A727E028919CC800393C23 /* CustomCell */,
				6051DA9B28919C5A00CAF14F /* ViewController.swift */,
				60A727EA28924C6100393C23 /* DetailViewController.swift */,
			);
			path = View;
			sourceTree = "<group>";
		};
		60A727DC28919CB300393C23 /* ViewModel */ = {
			isa = PBXGroup;
			children = (
				60A727E328919CD400393C23 /* ViewModel.swift */,
				60A727EC28924D6A00393C23 /* DetailViewModel.swift */,
			);
			path = ViewModel;
			sourceTree = "<group>";
		};
		60A727DD28919CB900393C23 /* Network */ = {
			isa = PBXGroup;
			children = (
				60A727E528919CD800393C23 /* Network.swift */,
			);
			path = Network;
			sourceTree = "<group>";
		};
		60A727E028919CC800393C23 /* CustomCell */ = {
			isa = PBXGroup;
			children = (
				60A727E128919CCE00393C23 /* CustomCell.swift */,
			);
			path = CustomCell;
			sourceTree = "<group>";
		};
		60A727E728919DBB00393C23 /* Dynamic */ = {
			isa = PBXGroup;
			children = (
				60A727E828919DC200393C23 /* Dynamic.swift */,
			);
			path = Dynamic;
			sourceTree = "<group>";
		};
		92292CEE3A968C79F66AE151 /* Frameworks */ = {
			isa = PBXGroup;
			children = (
				5A21671BC776127BB7860562 /* Pods_MVVMBeer.framework */,
			);
			name = Frameworks;
			sourceTree = "<group>";
		};
		B08415BCB5AC3F5ED4FB38D2 /* Pods */ = {
			isa = PBXGroup;
			children = (
				6AE8B156C0BE0C06B5850B65 /* Pods-MVVMBeer.debug.xcconfig */,
				66F9C99F8396D0DD581EBBCC /* Pods-MVVMBeer.release.xcconfig */,
			);
			path = Pods;
			sourceTree = "<group>";
		};
/* End PBXGroup section */

/* Begin PBXNativeTarget section */
		6051DA9328919C5A00CAF14F /* MVVMBeer */ = {
			isa = PBXNativeTarget;
			buildConfigurationList = 6051DAA828919C5B00CAF14F /* Build configuration list for PBXNativeTarget "MVVMBeer" */;
			buildPhases = (
				2124B14F548BFB48F723909D /* [CP] Check Pods Manifest.lock */,
				6051DA9028919C5A00CAF14F /* Sources */,
				6051DA9128919C5A00CAF14F /* Frameworks */,
				6051DA9228919C5A00CAF14F /* Resources */,
				8AEFF2E7755E48F59B4CD0A8 /* [CP] Embed Pods Frameworks */,
			);
			buildRules = (
			);
			dependencies = (
			);
			name = MVVMBeer;
			productName = MVVMBeer;
			productReference = 6051DA9428919C5A00CAF14F /* MVVMBeer.app */;
			productType = "com.apple.product-type.application";
		};
/* End PBXNativeTarget section */

/* Begin PBXProject section */
		6051DA8C28919C5A00CAF14F /* Project object */ = {
			isa = PBXProject;
			attributes = {
				BuildIndependentTargetsInParallel = 1;
				LastSwiftUpdateCheck = 1320;
				LastUpgradeCheck = 1320;
				TargetAttributes = {
					6051DA9328919C5A00CAF14F = {
						CreatedOnToolsVersion = 13.2.1;
					};
				};
			};
			buildConfigurationList = 6051DA8F28919C5A00CAF14F /* Build configuration list for PBXProject "MVVMBeer" */;
			compatibilityVersion = "Xcode 13.0";
			developmentRegion = en;
			hasScannedForEncodings = 0;
			knownRegions = (
				en,
				Base,
			);
			mainGroup = 6051DA8B28919C5A00CAF14F;
			productRefGroup = 6051DA9528919C5A00CAF14F /* Products */;
			projectDirPath = "";
			projectRoot = "";
			targets = (
				6051DA9328919C5A00CAF14F /* MVVMBeer */,
			);
		};
/* End PBXProject section */

/* Begin PBXResourcesBuildPhase section */
		6051DA9228919C5A00CAF14F /* Resources */ = {
			isa = PBXResourcesBuildPhase;
			buildActionMask = 2147483647;
			files = (
				6051DAA128919C5B00CAF14F /* Assets.xcassets in Resources */,
			);
			runOnlyForDeploymentPostprocessing = 0;
		};
/* End PBXResourcesBuildPhase section */

/* Begin PBXShellScriptBuildPhase section */
		2124B14F548BFB48F723909D /* [CP] Check Pods Manifest.lock */ = {
			isa = PBXShellScriptBuildPhase;
			buildActionMask = 2147483647;
			files = (
			);
			inputFileListPaths = (
			);
			inputPaths = (
				"${PODS_PODFILE_DIR_PATH}/Podfile.lock",
				"${PODS_ROOT}/Manifest.lock",
			);
			name = "[CP] Check Pods Manifest.lock";
			outputFileListPaths = (
			);
			outputPaths = (
				"$(DERIVED_FILE_DIR)/Pods-MVVMBeer-checkManifestLockResult.txt",
			);
			runOnlyForDeploymentPostprocessing = 0;
			shellPath = /bin/sh;
			shellScript = "diff \"${PODS_PODFILE_DIR_PATH}/Podfile.lock\" \"${PODS_ROOT}/Manifest.lock\" > /dev/null\nif [ $? != 0 ] ; then\n    # print error to STDERR\n    echo \"error: The sandbox is not in sync with the Podfile.lock. Run 'pod install' or update your CocoaPods installation.\" >&2\n    exit 1\nfi\n# This output is used by Xcode 'outputs' to avoid re-running this script phase.\necho \"SUCCESS\" > \"${SCRIPT_OUTPUT_FILE_0}\"\n";
			showEnvVarsInLog = 0;
		};
		8AEFF2E7755E48F59B4CD0A8 /* [CP] Embed Pods Frameworks */ = {
			isa = PBXShellScriptBuildPhase;
			buildActionMask = 2147483647;
			files = (
			);
			inputFileListPaths = (
				"${PODS_ROOT}/Target Support Files/Pods-MVVMBeer/Pods-MVVMBeer-frameworks-${CONFIGURATION}-input-files.xcfilelist",
			);
			name = "[CP] Embed Pods Frameworks";
			outputFileListPaths = (
				"${PODS_ROOT}/Target Support Files/Pods-MVVMBeer/Pods-MVVMBeer-frameworks-${CONFIGURATION}-output-files.xcfilelist",
			);
			runOnlyForDeploymentPostprocessing = 0;
			shellPath = /bin/sh;
			shellScript = "\"${PODS_ROOT}/Target Support Files/Pods-MVVMBeer/Pods-MVVMBeer-frameworks.sh\"\n";
			showEnvVarsInLog = 0;
		};
/* End PBXShellScriptBuildPhase section */

/* Begin PBXSourcesBuildPhase section */
		6051DA9028919C5A00CAF14F /* Sources */ = {
			isa = PBXSourcesBuildPhase;
			buildActionMask = 2147483647;
			files = (
				60A727EB28924C6100393C23 /* DetailViewController.swift in Sources */,
				6051DA9C28919C5A00CAF14F /* ViewController.swift in Sources */,
				6051DA9828919C5A00CAF14F /* AppDelegate.swift in Sources */,
				60A727ED28924D6A00393C23 /* DetailViewModel.swift in Sources */,
				60A727E228919CCE00393C23 /* CustomCell.swift in Sources */,
				6051DA9A28919C5A00CAF14F /* SceneDelegate.swift in Sources */,
				60A727E428919CD400393C23 /* ViewModel.swift in Sources */,
				60A727E928919DC200393C23 /* Dynamic.swift in Sources */,
				60A727E628919CD800393C23 /* Network.swift in Sources */,
				60A727DF28919CC100393C23 /* Model.swift in Sources */,
			);
			runOnlyForDeploymentPostprocessing = 0;
		};
/* End PBXSourcesBuildPhase section */

/* Begin XCBuildConfiguration section */
		6051DAA628919C5B00CAF14F /* Debug */ = {
			isa = XCBuildConfiguration;
			buildSettings = {
				ALWAYS_SEARCH_USER_PATHS = NO;
				CLANG_ANALYZER_NONNULL = YES;
				CLANG_ANALYZER_NUMBER_OBJECT_CONVERSION = YES_AGGRESSIVE;
				CLANG_CXX_LANGUAGE_STANDARD = "gnu++17";
				CLANG_CXX_LIBRARY = "libc++";
				CLANG_ENABLE_MODULES = YES;
				CLANG_ENABLE_OBJC_ARC = YES;
				CLANG_ENABLE_OBJC_WEAK = YES;
				CLANG_WARN_BLOCK_CAPTURE_AUTORELEASING = YES;
				CLANG_WARN_BOOL_CONVERSION = YES;
				CLANG_WARN_COMMA = YES;
				CLANG_WARN_CONSTANT_CONVERSION = YES;
				CLANG_WARN_DEPRECATED_OBJC_IMPLEMENTATIONS = YES;
				CLANG_WARN_DIRECT_OBJC_ISA_USAGE = YES_ERROR;
				CLANG_WARN_DOCUMENTATION_COMMENTS = YES;
				CLANG_WARN_EMPTY_BODY = YES;
				CLANG_WARN_ENUM_CONVERSION = YES;
				CLANG_WARN_INFINITE_RECURSION = YES;
				CLANG_WARN_INT_CONVERSION = YES;
				CLANG_WARN_NON_LITERAL_NULL_CONVERSION = YES;
				CLANG_WARN_OBJC_IMPLICIT_RETAIN_SELF = YES;
				CLANG_WARN_OBJC_LITERAL_CONVERSION = YES;
				CLANG_WARN_OBJC_ROOT_CLASS = YES_ERROR;
				CLANG_WARN_QUOTED_INCLUDE_IN_FRAMEWORK_HEADER = YES;
				CLANG_WARN_RANGE_LOOP_ANALYSIS = YES;
				CLANG_WARN_STRICT_PROTOTYPES = YES;
				CLANG_WARN_SUSPICIOUS_MOVE = YES;
				CLANG_WARN_UNGUARDED_AVAILABILITY = YES_AGGRESSIVE;
				CLANG_WARN_UNREACHABLE_CODE = YES;
				CLANG_WARN__DUPLICATE_METHOD_MATCH = YES;
				COPY_PHASE_STRIP = NO;
				DEBUG_INFORMATION_FORMAT = dwarf;
				ENABLE_STRICT_OBJC_MSGSEND = YES;
				ENABLE_TESTABILITY = YES;
				GCC_C_LANGUAGE_STANDARD = gnu11;
				GCC_DYNAMIC_NO_PIC = NO;
				GCC_NO_COMMON_BLOCKS = YES;
				GCC_OPTIMIZATION_LEVEL = 0;
				GCC_PREPROCESSOR_DEFINITIONS = (
					"DEBUG=1",
					"$(inherited)",
				);
				GCC_WARN_64_TO_32_BIT_CONVERSION = YES;
				GCC_WARN_ABOUT_RETURN_TYPE = YES_ERROR;
				GCC_WARN_UNDECLARED_SELECTOR = YES;
				GCC_WARN_UNINITIALIZED_AUTOS = YES_AGGRESSIVE;
				GCC_WARN_UNUSED_FUNCTION = YES;
				GCC_WARN_UNUSED_VARIABLE = YES;
				IPHONEOS_DEPLOYMENT_TARGET = 15.2;
				MTL_ENABLE_DEBUG_INFO = INCLUDE_SOURCE;
				MTL_FAST_MATH = YES;
				ONLY_ACTIVE_ARCH = YES;
				SDKROOT = iphoneos;
				SWIFT_ACTIVE_COMPILATION_CONDITIONS = DEBUG;
				SWIFT_OPTIMIZATION_LEVEL = "-Onone";
			};
			name = Debug;
		};
		6051DAA728919C5B00CAF14F /* Release */ = {
			isa = XCBuildConfiguration;
			buildSettings = {
				ALWAYS_SEARCH_USER_PATHS = NO;
				CLANG_ANALYZER_NONNULL = YES;
				CLANG_ANALYZER_NUMBER_OBJECT_CONVERSION = YES_AGGRESSIVE;
				CLANG_CXX_LANGUAGE_STANDARD = "gnu++17";
				CLANG_CXX_LIBRARY = "libc++";
				CLANG_ENABLE_MODULES = YES;
				CLANG_ENABLE_OBJC_ARC = YES;
				CLANG_ENABLE_OBJC_WEAK = YES;
				CLANG_WARN_BLOCK_CAPTURE_AUTORELEASING = YES;
				CLANG_WARN_BOOL_CONVERSION = YES;
				CLANG_WARN_COMMA = YES;
				CLANG_WARN_CONSTANT_CONVERSION = YES;
				CLANG_WARN_DEPRECATED_OBJC_IMPLEMENTATIONS = YES;
				CLANG_WARN_DIRECT_OBJC_ISA_USAGE = YES_ERROR;
				CLANG_WARN_DOCUMENTATION_COMMENTS = YES;
				CLANG_WARN_EMPTY_BODY = YES;
				CLANG_WARN_ENUM_CONVERSION = YES;
				CLANG_WARN_INFINITE_RECURSION = YES;
				CLANG_WARN_INT_CONVERSION = YES;
				CLANG_WARN_NON_LITERAL_NULL_CONVERSION = YES;
				CLANG_WARN_OBJC_IMPLICIT_RETAIN_SELF = YES;
				CLANG_WARN_OBJC_LITERAL_CONVERSION = YES;
				CLANG_WARN_OBJC_ROOT_CLASS = YES_ERROR;
				CLANG_WARN_QUOTED_INCLUDE_IN_FRAMEWORK_HEADER = YES;
				CLANG_WARN_RANGE_LOOP_ANALYSIS = YES;
				CLANG_WARN_STRICT_PROTOTYPES = YES;
				CLANG_WARN_SUSPICIOUS_MOVE = YES;
				CLANG_WARN_UNGUARDED_AVAILABILITY = YES_AGGRESSIVE;
				CLANG_WARN_UNREACHABLE_CODE = YES;
				CLANG_WARN__DUPLICATE_METHOD_MATCH = YES;
				COPY_PHASE_STRIP = NO;
				DEBUG_INFORMATION_FORMAT = "dwarf-with-dsym";
				ENABLE_NS_ASSERTIONS = NO;
				ENABLE_STRICT_OBJC_MSGSEND = YES;
				GCC_C_LANGUAGE_STANDARD = gnu11;
				GCC_NO_COMMON_BLOCKS = YES;
				GCC_WARN_64_TO_32_BIT_CONVERSION = YES;
				GCC_WARN_ABOUT_RETURN_TYPE = YES_ERROR;
				GCC_WARN_UNDECLARED_SELECTOR = YES;
				GCC_WARN_UNINITIALIZED_AUTOS = YES_AGGRESSIVE;
				GCC_WARN_UNUSED_FUNCTION = YES;
				GCC_WARN_UNUSED_VARIABLE = YES;
				IPHONEOS_DEPLOYMENT_TARGET = 15.2;
				MTL_ENABLE_DEBUG_INFO = NO;
				MTL_FAST_MATH = YES;
				SDKROOT = iphoneos;
				SWIFT_COMPILATION_MODE = wholemodule;
				SWIFT_OPTIMIZATION_LEVEL = "-O";
				VALIDATE_PRODUCT = YES;
			};
			name = Release;
		};
		6051DAA928919C5B00CAF14F /* Debug */ = {
			isa = XCBuildConfiguration;
			baseConfigurationReference = 6AE8B156C0BE0C06B5850B65 /* Pods-MVVMBeer.debug.xcconfig */;
			buildSettings = {
				ASSETCATALOG_COMPILER_APPICON_NAME = AppIcon;
				ASSETCATALOG_COMPILER_GLOBAL_ACCENT_COLOR_NAME = AccentColor;
				CODE_SIGN_STYLE = Automatic;
				CURRENT_PROJECT_VERSION = 1;
				DEVELOPMENT_TEAM = K8M5FXDJPU;
				GENERATE_INFOPLIST_FILE = YES;
				INFOPLIST_FILE = MVVMBeer/Info.plist;
				INFOPLIST_KEY_UIApplicationSupportsIndirectInputEvents = YES;
				INFOPLIST_KEY_UILaunchStoryboardName = LaunchScreen;
				INFOPLIST_KEY_UISupportedInterfaceOrientations_iPad = "UIInterfaceOrientationPortrait UIInterfaceOrientationPortraitUpsideDown UIInterfaceOrientationLandscapeLeft UIInterfaceOrientationLandscapeRight";
				INFOPLIST_KEY_UISupportedInterfaceOrientations_iPhone = "UIInterfaceOrientationPortrait UIInterfaceOrientationLandscapeLeft UIInterfaceOrientationLandscapeRight";
				LD_RUNPATH_SEARCH_PATHS = (
					"$(inherited)",
					"@executable_path/Frameworks",
				);
				MARKETING_VERSION = 1.0;
				PRODUCT_BUNDLE_IDENTIFIER = com.shifu.MVVMBeer;
				PRODUCT_NAME = "$(TARGET_NAME)";
				SWIFT_EMIT_LOC_STRINGS = YES;
				SWIFT_VERSION = 5.0;
				TARGETED_DEVICE_FAMILY = "1,2";
			};
			name = Debug;
		};
		6051DAAA28919C5B00CAF14F /* Release */ = {
			isa = XCBuildConfiguration;
			baseConfigurationReference = 66F9C99F8396D0DD581EBBCC /* Pods-MVVMBeer.release.xcconfig */;
			buildSettings = {
				ASSETCATALOG_COMPILER_APPICON_NAME = AppIcon;
				ASSETCATALOG_COMPILER_GLOBAL_ACCENT_COLOR_NAME = AccentColor;
				CODE_SIGN_STYLE = Automatic;
				CURRENT_PROJECT_VERSION = 1;
				DEVELOPMENT_TEAM = K8M5FXDJPU;
				GENERATE_INFOPLIST_FILE = YES;
				INFOPLIST_FILE = MVVMBeer/Info.plist;
				INFOPLIST_KEY_UIApplicationSupportsIndirectInputEvents = YES;
				INFOPLIST_KEY_UILaunchStoryboardName = LaunchScreen;
				INFOPLIST_KEY_UISupportedInterfaceOrientations_iPad = "UIInterfaceOrientationPortrait UIInterfaceOrientationPortraitUpsideDown UIInterfaceOrientationLandscapeLeft UIInterfaceOrientationLandscapeRight";
				INFOPLIST_KEY_UISupportedInterfaceOrientations_iPhone = "UIInterfaceOrientationPortrait UIInterfaceOrientationLandscapeLeft UIInterfaceOrientationLandscapeRight";
				LD_RUNPATH_SEARCH_PATHS = (
					"$(inherited)",
					"@executable_path/Frameworks",
				);
				MARKETING_VERSION = 1.0;
				PRODUCT_BUNDLE_IDENTIFIER = com.shifu.MVVMBeer;
				PRODUCT_NAME = "$(TARGET_NAME)";
				SWIFT_EMIT_LOC_STRINGS = YES;
				SWIFT_VERSION = 5.0;
				TARGETED_DEVICE_FAMILY = "1,2";
			};
			name = Release;
		};
/* End XCBuildConfiguration section */

/* Begin XCConfigurationList section */
		6051DA8F28919C5A00CAF14F /* Build configuration list for PBXProject "MVVMBeer" */ = {
			isa = XCConfigurationList;
			buildConfigurations = (
				6051DAA628919C5B00CAF14F /* Debug */,
				6051DAA728919C5B00CAF14F /* Release */,
			);
			defaultConfigurationIsVisible = 0;
			defaultConfigurationName = Release;
		};
		6051DAA828919C5B00CAF14F /* Build configuration list for PBXNativeTarget "MVVMBeer" */ = {
			isa = XCConfigurationList;
			buildConfigurations = (
				6051DAA928919C5B00CAF14F /* Debug */,
				6051DAAA28919C5B00CAF14F /* Release */,
			);
			defaultConfigurationIsVisible = 0;
			defaultConfigurationName = Release;
		};
/* End XCConfigurationList section */
	};
	rootObject = 6051DA8C28919C5A00CAF14F /* Project object */;
}
